// !$*UTF8*$!
{
	archiveVersion = 1;
	classes = {
	};
	objectVersion = 56;
	objects = {

/* Begin PBXBuildFile section */
		333CFCB22BD73527001E8F4D /* AppDelegate.swift in Sources */ = {isa = PBXBuildFile; fileRef = 333CFCB12BD73527001E8F4D /* AppDelegate.swift */; };
		333CFCB42BD73527001E8F4D /* SceneDelegate.swift in Sources */ = {isa = PBXBuildFile; fileRef = 333CFCB32BD73527001E8F4D /* SceneDelegate.swift */; };
		333CFCB62BD73527001E8F4D /* ViewController.swift in Sources */ = {isa = PBXBuildFile; fileRef = 333CFCB52BD73527001E8F4D /* ViewController.swift */; };
		333CFCB92BD73527001E8F4D /* Main.storyboard in Resources */ = {isa = PBXBuildFile; fileRef = 333CFCB72BD73527001E8F4D /* Main.storyboard */; };
		333CFCBB2BD73529001E8F4D /* Assets.xcassets in Resources */ = {isa = PBXBuildFile; fileRef = 333CFCBA2BD73529001E8F4D /* Assets.xcassets */; };
		333CFCBE2BD73529001E8F4D /* LaunchScreen.storyboard in Resources */ = {isa = PBXBuildFile; fileRef = 333CFCBC2BD73529001E8F4D /* LaunchScreen.storyboard */; };
		333CFCC92BD7352A001E8F4D /* gitPractice2Tests.swift in Sources */ = {isa = PBXBuildFile; fileRef = 333CFCC82BD7352A001E8F4D /* gitPractice2Tests.swift */; };
		333CFCD32BD7352A001E8F4D /* gitPractice2UITests.swift in Sources */ = {isa = PBXBuildFile; fileRef = 333CFCD22BD7352A001E8F4D /* gitPractice2UITests.swift */; };
		333CFCD52BD7352A001E8F4D /* gitPractice2UITestsLaunchTests.swift in Sources */ = {isa = PBXBuildFile; fileRef = 333CFCD42BD7352A001E8F4D /* gitPractice2UITestsLaunchTests.swift */; };
/* End PBXBuildFile section */

/* Begin PBXContainerItemProxy section */
		333CFCC52BD7352A001E8F4D /* PBXContainerItemProxy */ = {
			isa = PBXContainerItemProxy;
			containerPortal = 333CFCA62BD73527001E8F4D /* Project object */;
			proxyType = 1;
			remoteGlobalIDString = 333CFCAD2BD73527001E8F4D;
			remoteInfo = gitPractice2;
		};
		333CFCCF2BD7352A001E8F4D /* PBXContainerItemProxy */ = {
			isa = PBXContainerItemProxy;
			containerPortal = 333CFCA62BD73527001E8F4D /* Project object */;
			proxyType = 1;
			remoteGlobalIDString = 333CFCAD2BD73527001E8F4D;
			remoteInfo = gitPractice2;
		};
/* End PBXContainerItemProxy section */

/* Begin PBXFileReference section */
		333CFCAE2BD73527001E8F4D /* gitPractice2.app */ = {isa = PBXFileReference; explicitFileType = wrapper.application; includeInIndex = 0; path = gitPractice2.app; sourceTree = BUILT_PRODUCTS_DIR; };
		333CFCB12BD73527001E8F4D /* AppDelegate.swift */ = {isa = PBXFileReference; lastKnownFileType = sourcecode.swift; path = AppDelegate.swift; sourceTree = "<group>"; };
		333CFCB32BD73527001E8F4D /* SceneDelegate.swift */ = {isa = PBXFileReference; lastKnownFileType = sourcecode.swift; path = SceneDelegate.swift; sourceTree = "<group>"; };
		333CFCB52BD73527001E8F4D /* ViewController.swift */ = {isa = PBXFileReference; lastKnownFileType = sourcecode.swift; path = ViewController.swift; sourceTree = "<group>"; };
		333CFCB82BD73527001E8F4D /* Base */ = {isa = PBXFileReference; lastKnownFileType = file.storyboard; name = Base; path = Base.lproj/Main.storyboard; sourceTree = "<group>"; };
		333CFCBA2BD73529001E8F4D /* Assets.xcassets */ = {isa = PBXFileReference; lastKnownFileType = folder.assetcatalog; path = Assets.xcassets; sourceTree = "<group>"; };
		333CFCBD2BD73529001E8F4D /* Base */ = {isa = PBXFileReference; lastKnownFileType = file.storyboard; name = Base; path = Base.lproj/LaunchScreen.storyboard; sourceTree = "<group>"; };
		333CFCBF2BD73529001E8F4D /* Info.plist */ = {isa = PBXFileReference; lastKnownFileType = text.plist.xml; path = Info.plist; sourceTree = "<group>"; };
		333CFCC42BD7352A001E8F4D /* gitPractice2Tests.xctest */ = {isa = PBXFileReference; explicitFileType = wrapper.cfbundle; includeInIndex = 0; path = gitPractice2Tests.xctest; sourceTree = BUILT_PRODUCTS_DIR; };
		333CFCC82BD7352A001E8F4D /* gitPractice2Tests.swift */ = {isa = PBXFileReference; lastKnownFileType = sourcecode.swift; path = gitPractice2Tests.swift; sourceTree = "<group>"; };
		333CFCCE2BD7352A001E8F4D /* gitPractice2UITests.xctest */ = {isa = PBXFileReference; explicitFileType = wrapper.cfbundle; includeInIndex = 0; path = gitPractice2UITests.xctest; sourceTree = BUILT_PRODUCTS_DIR; };
		333CFCD22BD7352A001E8F4D /* gitPractice2UITests.swift */ = {isa = PBXFileReference; lastKnownFileType = sourcecode.swift; path = gitPractice2UITests.swift; sourceTree = "<group>"; };
		333CFCD42BD7352A001E8F4D /* gitPractice2UITestsLaunchTests.swift */ = {isa = PBXFileReference; lastKnownFileType = sourcecode.swift; path = gitPractice2UITestsLaunchTests.swift; sourceTree = "<group>"; };
/* End PBXFileReference section */

/* Begin PBXFrameworksBuildPhase section */
		333CFCAB2BD73527001E8F4D /* Frameworks */ = {
			isa = PBXFrameworksBuildPhase;
			buildActionMask = 2147483647;
			files = (
			);
			runOnlyForDeploymentPostprocessing = 0;
		};
		333CFCC12BD7352A001E8F4D /* Frameworks */ = {
			isa = PBXFrameworksBuildPhase;
			buildActionMask = 2147483647;
			files = (
			);
			runOnlyForDeploymentPostprocessing = 0;
		};
		333CFCCB2BD7352A001E8F4D /* Frameworks */ = {
			isa = PBXFrameworksBuildPhase;
			buildActionMask = 2147483647;
			files = (
			);
			runOnlyForDeploymentPostprocessing = 0;
		};
/* End PBXFrameworksBuildPhase section */

/* Begin PBXGroup section */
		333CFCA52BD73527001E8F4D = {
			isa = PBXGroup;
			children = (
				333CFCB02BD73527001E8F4D /* gitPractice2 */,
				333CFCC72BD7352A001E8F4D /* gitPractice2Tests */,
				333CFCD12BD7352A001E8F4D /* gitPractice2UITests */,
				333CFCAF2BD73527001E8F4D /* Products */,
			);
			sourceTree = "<group>";
		};
		333CFCAF2BD73527001E8F4D /* Products */ = {
			isa = PBXGroup;
			children = (
				333CFCAE2BD73527001E8F4D /* gitPractice2.app */,
				333CFCC42BD7352A001E8F4D /* gitPractice2Tests.xctest */,
				333CFCCE2BD7352A001E8F4D /* gitPractice2UITests.xctest */,
			);
			name = Products;
			sourceTree = "<group>";
		};
		333CFCB02BD73527001E8F4D /* gitPractice2 */ = {
			isa = PBXGroup;
			children = (
				333CFCB12BD73527001E8F4D /* AppDelegate.swift */,
				333CFCB32BD73527001E8F4D /* SceneDelegate.swift */,
				333CFCB52BD73527001E8F4D /* ViewController.swift */,
				333CFCB72BD73527001E8F4D /* Main.storyboard */,
				333CFCBA2BD73529001E8F4D /* Assets.xcassets */,
				333CFCBC2BD73529001E8F4D /* LaunchScreen.storyboard */,
				333CFCBF2BD73529001E8F4D /* Info.plist */,
			);
			path = gitPractice2;
			sourceTree = "<group>";
		};
		333CFCC72BD7352A001E8F4D /* gitPractice2Tests */ = {
			isa = PBXGroup;
			children = (
				333CFCC82BD7352A001E8F4D /* gitPractice2Tests.swift */,
			);
			path = gitPractice2Tests;
			sourceTree = "<group>";
		};
		333CFCD12BD7352A001E8F4D /* gitPractice2UITests */ = {
			isa = PBXGroup;
			children = (
				333CFCD22BD7352A001E8F4D /* gitPractice2UITests.swift */,
				333CFCD42BD7352A001E8F4D /* gitPractice2UITestsLaunchTests.swift */,
			);
			path = gitPractice2UITests;
			sourceTree = "<group>";
		};
/* End PBXGroup section */

/* Begin PBXNativeTarget section */
		333CFCAD2BD73527001E8F4D /* gitPractice2 */ = {
			isa = PBXNativeTarget;
			buildConfigurationList = 333CFCD82BD7352A001E8F4D /* Build configuration list for PBXNativeTarget "gitPractice2" */;
			buildPhases = (
				333CFCAA2BD73527001E8F4D /* Sources */,
				333CFCAB2BD73527001E8F4D /* Frameworks */,
				333CFCAC2BD73527001E8F4D /* Resources */,
			);
			buildRules = (
			);
			dependencies = (
			);
			name = gitPractice2;
			productName = gitPractice2;
			productReference = 333CFCAE2BD73527001E8F4D /* gitPractice2.app */;
			productType = "com.apple.product-type.application";
		};
		333CFCC32BD7352A001E8F4D /* gitPractice2Tests */ = {
			isa = PBXNativeTarget;
			buildConfigurationList = 333CFCDB2BD7352A001E8F4D /* Build configuration list for PBXNativeTarget "gitPractice2Tests" */;
			buildPhases = (
				333CFCC02BD7352A001E8F4D /* Sources */,
				333CFCC12BD7352A001E8F4D /* Frameworks */,
				333CFCC22BD7352A001E8F4D /* Resources */,
			);
			buildRules = (
			);
			dependencies = (
				333CFCC62BD7352A001E8F4D /* PBXTargetDependency */,
			);
			name = gitPractice2Tests;
			productName = gitPractice2Tests;
			productReference = 333CFCC42BD7352A001E8F4D /* gitPractice2Tests.xctest */;
			productType = "com.apple.product-type.bundle.unit-test";
		};
		333CFCCD2BD7352A001E8F4D /* gitPractice2UITests */ = {
			isa = PBXNativeTarget;
			buildConfigurationList = 333CFCDE2BD7352A001E8F4D /* Build configuration list for PBXNativeTarget "gitPractice2UITests" */;
			buildPhases = (
				333CFCCA2BD7352A001E8F4D /* Sources */,
				333CFCCB2BD7352A001E8F4D /* Frameworks */,
				333CFCCC2BD7352A001E8F4D /* Resources */,
			);
			buildRules = (
			);
			dependencies = (
				333CFCD02BD7352A001E8F4D /* PBXTargetDependency */,
			);
			name = gitPractice2UITests;
			productName = gitPractice2UITests;
			productReference = 333CFCCE2BD7352A001E8F4D /* gitPractice2UITests.xctest */;
			productType = "com.apple.product-type.bundle.ui-testing";
		};
/* End PBXNativeTarget section */

/* Begin PBXProject section */
		333CFCA62BD73527001E8F4D /* Project object */ = {
			isa = PBXProject;
			attributes = {
				BuildIndependentTargetsInParallel = 1;
				LastSwiftUpdateCheck = 1500;
				LastUpgradeCheck = 1500;
				TargetAttributes = {
					333CFCAD2BD73527001E8F4D = {
						CreatedOnToolsVersion = 15.0.1;
					};
					333CFCC32BD7352A001E8F4D = {
						CreatedOnToolsVersion = 15.0.1;
						TestTargetID = 333CFCAD2BD73527001E8F4D;
					};
					333CFCCD2BD7352A001E8F4D = {
						CreatedOnToolsVersion = 15.0.1;
						TestTargetID = 333CFCAD2BD73527001E8F4D;
					};
				};
			};
			buildConfigurationList = 333CFCA92BD73527001E8F4D /* Build configuration list for PBXProject "gitPractice2" */;
			compatibilityVersion = "Xcode 14.0";
			developmentRegion = en;
			hasScannedForEncodings = 0;
			knownRegions = (
				en,
				Base,
			);
			mainGroup = 333CFCA52BD73527001E8F4D;
			productRefGroup = 333CFCAF2BD73527001E8F4D /* Products */;
			projectDirPath = "";
			projectRoot = "";
			targets = (
				333CFCAD2BD73527001E8F4D /* gitPractice2 */,
				333CFCC32BD7352A001E8F4D /* gitPractice2Tests */,
				333CFCCD2BD7352A001E8F4D /* gitPractice2UITests */,
			);
		};
/* End PBXProject section */

/* Begin PBXResourcesBuildPhase section */
		333CFCAC2BD73527001E8F4D /* Resources */ = {
			isa = PBXResourcesBuildPhase;
			buildActionMask = 2147483647;
			files = (
				333CFCBE2BD73529001E8F4D /* LaunchScreen.storyboard in Resources */,
				333CFCBB2BD73529001E8F4D /* Assets.xcassets in Resources */,
				333CFCB92BD73527001E8F4D /* Main.storyboard in Resources */,
			);
			runOnlyForDeploymentPostprocessing = 0;
		};
		333CFCC22BD7352A001E8F4D /* Resources */ = {
			isa = PBXResourcesBuildPhase;
			buildActionMask = 2147483647;
			files = (
			);
			runOnlyForDeploymentPostprocessing = 0;
		};
		333CFCCC2BD7352A001E8F4D /* Resources */ = {
			isa = PBXResourcesBuildPhase;
			buildActionMask = 2147483647;
			files = (
			);
			runOnlyForDeploymentPostprocessing = 0;
		};
/* End PBXResourcesBuildPhase section */

/* Begin PBXSourcesBuildPhase section */
		333CFCAA2BD73527001E8F4D /* Sources */ = {
			isa = PBXSourcesBuildPhase;
			buildActionMask = 2147483647;
			files = (
				333CFCB62BD73527001E8F4D /* ViewController.swift in Sources */,
				333CFCB22BD73527001E8F4D /* AppDelegate.swift in Sources */,
				333CFCB42BD73527001E8F4D /* SceneDelegate.swift in Sources */,
			);
			runOnlyForDeploymentPostprocessing = 0;
		};
		333CFCC02BD7352A001E8F4D /* Sources */ = {
			isa = PBXSourcesBuildPhase;
			buildActionMask = 2147483647;
			files = (
				333CFCC92BD7352A001E8F4D /* gitPractice2Tests.swift in Sources */,
			);
			runOnlyForDeploymentPostprocessing = 0;
		};
		333CFCCA2BD7352A001E8F4D /* Sources */ = {
			isa = PBXSourcesBuildPhase;
			buildActionMask = 2147483647;
			files = (
				333CFCD32BD7352A001E8F4D /* gitPractice2UITests.swift in Sources */,
				333CFCD52BD7352A001E8F4D /* gitPractice2UITestsLaunchTests.swift in Sources */,
			);
			runOnlyForDeploymentPostprocessing = 0;
		};
/* End PBXSourcesBuildPhase section */

/* Begin PBXTargetDependency section */
		333CFCC62BD7352A001E8F4D /* PBXTargetDependency */ = {
			isa = PBXTargetDependency;
			target = 333CFCAD2BD73527001E8F4D /* gitPractice2 */;
			targetProxy = 333CFCC52BD7352A001E8F4D /* PBXContainerItemProxy */;
		};
		333CFCD02BD7352A001E8F4D /* PBXTargetDependency */ = {
			isa = PBXTargetDependency;
			target = 333CFCAD2BD73527001E8F4D /* gitPractice2 */;
			targetProxy = 333CFCCF2BD7352A001E8F4D /* PBXContainerItemProxy */;
		};
/* End PBXTargetDependency section */

/* Begin PBXVariantGroup section */
		333CFCB72BD73527001E8F4D /* Main.storyboard */ = {
			isa = PBXVariantGroup;
			children = (
				333CFCB82BD73527001E8F4D /* Base */,
			);
			name = Main.storyboard;
			sourceTree = "<group>";
		};
		333CFCBC2BD73529001E8F4D /* LaunchScreen.storyboard */ = {
			isa = PBXVariantGroup;
			children = (
				333CFCBD2BD73529001E8F4D /* Base */,
			);
			name = LaunchScreen.storyboard;
			sourceTree = "<group>";
		};
/* End PBXVariantGroup section */

/* Begin XCBuildConfiguration section */
		333CFCD62BD7352A001E8F4D /* Debug */ = {
			isa = XCBuildConfiguration;
			buildSettings = {
				ALWAYS_SEARCH_USER_PATHS = NO;
				ASSETCATALOG_COMPILER_GENERATE_SWIFT_ASSET_SYMBOL_EXTENSIONS = YES;
				CLANG_ANALYZER_NONNULL = YES;
				CLANG_ANALYZER_NUMBER_OBJECT_CONVERSION = YES_AGGRESSIVE;
				CLANG_CXX_LANGUAGE_STANDARD = "gnu++20";
				CLANG_ENABLE_MODULES = YES;
				CLANG_ENABLE_OBJC_ARC = YES;
				CLANG_ENABLE_OBJC_WEAK = YES;
				CLANG_WARN_BLOCK_CAPTURE_AUTORELEASING = YES;
				CLANG_WARN_BOOL_CONVERSION = YES;
				CLANG_WARN_COMMA = YES;
				CLANG_WARN_CONSTANT_CONVERSION = YES;
				CLANG_WARN_DEPRECATED_OBJC_IMPLEMENTATIONS = YES;
				CLANG_WARN_DIRECT_OBJC_ISA_USAGE = YES_ERROR;
				CLANG_WARN_DOCUMENTATION_COMMENTS = YES;
				CLANG_WARN_EMPTY_BODY = YES;
				CLANG_WARN_ENUM_CONVERSION = YES;
				CLANG_WARN_INFINITE_RECURSION = YES;
				CLANG_WARN_INT_CONVERSION = YES;
				CLANG_WARN_NON_LITERAL_NULL_CONVERSION = YES;
				CLANG_WARN_OBJC_IMPLICIT_RETAIN_SELF = YES;
				CLANG_WARN_OBJC_LITERAL_CONVERSION = YES;
				CLANG_WARN_OBJC_ROOT_CLASS = YES_ERROR;
				CLANG_WARN_QUOTED_INCLUDE_IN_FRAMEWORK_HEADER = YES;
				CLANG_WARN_RANGE_LOOP_ANALYSIS = YES;
				CLANG_WARN_STRICT_PROTOTYPES = YES;
				CLANG_WARN_SUSPICIOUS_MOVE = YES;
				CLANG_WARN_UNGUARDED_AVAILABILITY = YES_AGGRESSIVE;
				CLANG_WARN_UNREACHABLE_CODE = YES;
				CLANG_WARN__DUPLICATE_METHOD_MATCH = YES;
				COPY_PHASE_STRIP = NO;
				DEBUG_INFORMATION_FORMAT = dwarf;
				ENABLE_STRICT_OBJC_MSGSEND = YES;
				ENABLE_TESTABILITY = YES;
				ENABLE_USER_SCRIPT_SANDBOXING = YES;
				GCC_C_LANGUAGE_STANDARD = gnu17;
				GCC_DYNAMIC_NO_PIC = NO;
				GCC_NO_COMMON_BLOCKS = YES;
				GCC_OPTIMIZATION_LEVEL = 0;
				GCC_PREPROCESSOR_DEFINITIONS = (
					"DEBUG=1",
					"$(inherited)",
				);
				GCC_WARN_64_TO_32_BIT_CONVERSION = YES;
				GCC_WARN_ABOUT_RETURN_TYPE = YES_ERROR;
				GCC_WARN_UNDECLARED_SELECTOR = YES;
				GCC_WARN_UNINITIALIZED_AUTOS = YES_AGGRESSIVE;
				GCC_WARN_UNUSED_FUNCTION = YES;
				GCC_WARN_UNUSED_VARIABLE = YES;
				IPHONEOS_DEPLOYMENT_TARGET = 17.0;
				LOCALIZATION_PREFERS_STRING_CATALOGS = YES;
				MTL_ENABLE_DEBUG_INFO = INCLUDE_SOURCE;
				MTL_FAST_MATH = YES;
				ONLY_ACTIVE_ARCH = YES;
				SDKROOT = iphoneos;
				SWIFT_ACTIVE_COMPILATION_CONDITIONS = "DEBUG $(inherited)";
				SWIFT_OPTIMIZATION_LEVEL = "-Onone";
			};
			name = Debug;
		};
		333CFCD72BD7352A001E8F4D /* Release */ = {
			isa = XCBuildConfiguration;
			buildSettings = {
				ALWAYS_SEARCH_USER_PATHS = NO;
				ASSETCATALOG_COMPILER_GENERATE_SWIFT_ASSET_SYMBOL_EXTENSIONS = YES;
				CLANG_ANALYZER_NONNULL = YES;
				CLANG_ANALYZER_NUMBER_OBJECT_CONVERSION = YES_AGGRESSIVE;
				CLANG_CXX_LANGUAGE_STANDARD = "gnu++20";
				CLANG_ENABLE_MODULES = YES;
				CLANG_ENABLE_OBJC_ARC = YES;
				CLANG_ENABLE_OBJC_WEAK = YES;
				CLANG_WARN_BLOCK_CAPTURE_AUTORELEASING = YES;
				CLANG_WARN_BOOL_CONVERSION = YES;
				CLANG_WARN_COMMA = YES;
				CLANG_WARN_CONSTANT_CONVERSION = YES;
				CLANG_WARN_DEPRECATED_OBJC_IMPLEMENTATIONS = YES;
				CLANG_WARN_DIRECT_OBJC_ISA_USAGE = YES_ERROR;
				CLANG_WARN_DOCUMENTATION_COMMENTS = YES;
				CLANG_WARN_EMPTY_BODY = YES;
				CLANG_WARN_ENUM_CONVERSION = YES;
				CLANG_WARN_INFINITE_RECURSION = YES;
				CLANG_WARN_INT_CONVERSION = YES;
				CLANG_WARN_NON_LITERAL_NULL_CONVERSION = YES;
				CLANG_WARN_OBJC_IMPLICIT_RETAIN_SELF = YES;
				CLANG_WARN_OBJC_LITERAL_CONVERSION = YES;
				CLANG_WARN_OBJC_ROOT_CLASS = YES_ERROR;
				CLANG_WARN_QUOTED_INCLUDE_IN_FRAMEWORK_HEADER = YES;
				CLANG_WARN_RANGE_LOOP_ANALYSIS = YES;
				CLANG_WARN_STRICT_PROTOTYPES = YES;
				CLANG_WARN_SUSPICIOUS_MOVE = YES;
				CLANG_WARN_UNGUARDED_AVAILABILITY = YES_AGGRESSIVE;
				CLANG_WARN_UNREACHABLE_CODE = YES;
				CLANG_WARN__DUPLICATE_METHOD_MATCH = YES;
				COPY_PHASE_STRIP = NO;
				DEBUG_INFORMATION_FORMAT = "dwarf-with-dsym";
				ENABLE_NS_ASSERTIONS = NO;
				ENABLE_STRICT_OBJC_MSGSEND = YES;
				ENABLE_USER_SCRIPT_SANDBOXING = YES;
				GCC_C_LANGUAGE_STANDARD = gnu17;
				GCC_NO_COMMON_BLOCKS = YES;
				GCC_WARN_64_TO_32_BIT_CONVERSION = YES;
				GCC_WARN_ABOUT_RETURN_TYPE = YES_ERROR;
				GCC_WARN_UNDECLARED_SELECTOR = YES;
				GCC_WARN_UNINITIALIZED_AUTOS = YES_AGGRESSIVE;
				GCC_WARN_UNUSED_FUNCTION = YES;
				GCC_WARN_UNUSED_VARIABLE = YES;
				IPHONEOS_DEPLOYMENT_TARGET = 17.0;
				LOCALIZATION_PREFERS_STRING_CATALOGS = YES;
				MTL_ENABLE_DEBUG_INFO = NO;
				MTL_FAST_MATH = YES;
				SDKROOT = iphoneos;
				SWIFT_COMPILATION_MODE = wholemodule;
				VALIDATE_PRODUCT = YES;
			};
			name = Release;
		};
		333CFCD92BD7352A001E8F4D /* Debug */ = {
			isa = XCBuildConfiguration;
			buildSettings = {
				ASSETCATALOG_COMPILER_APPICON_NAME = AppIcon;
				ASSETCATALOG_COMPILER_GLOBAL_ACCENT_COLOR_NAME = AccentColor;
				CODE_SIGN_STYLE = Automatic;
				CURRENT_PROJECT_VERSION = 1;
				GENERATE_INFOPLIST_FILE = YES;
				INFOPLIST_FILE = gitPractice2/Info.plist;
				INFOPLIST_KEY_UIApplicationSupportsIndirectInputEvents = YES;
				INFOPLIST_KEY_UILaunchStoryboardName = LaunchScreen;
				INFOPLIST_KEY_UIMainStoryboardFile = Main;
				INFOPLIST_KEY_UISupportedInterfaceOrientations_iPad = "UIInterfaceOrientationPortrait UIInterfaceOrientationPortraitUpsideDown UIInterfaceOrientationLandscapeLeft UIInterfaceOrientationLandscapeRight";
				INFOPLIST_KEY_UISupportedInterfaceOrientations_iPhone = "UIInterfaceOrientationPortrait UIInterfaceOrientationLandscapeLeft UIInterfaceOrientationLandscapeRight";
				LD_RUNPATH_SEARCH_PATHS = (
					"$(inherited)",
					"@executable_path/Frameworks",
				);
				MARKETING_VERSION = 1.0;
				PRODUCT_BUNDLE_IDENTIFIER = Victoria.gitPractice2;
				PRODUCT_NAME = "$(TARGET_NAME)";
				SWIFT_EMIT_LOC_STRINGS = YES;
				SWIFT_VERSION = 5.0;
				TARGETED_DEVICE_FAMILY = "1,2";
			};
			name = Debug;
		};
		333CFCDA2BD7352A001E8F4D /* Release */ = {
			isa = XCBuildConfiguration;
			buildSettings = {
				ASSETCATALOG_COMPILER_APPICON_NAME = AppIcon;
				ASSETCATALOG_COMPILER_GLOBAL_ACCENT_COLOR_NAME = AccentColor;
				CODE_SIGN_STYLE = Automatic;
				CURRENT_PROJECT_VERSION = 1;
				GENERATE_INFOPLIST_FILE = YES;
				INFOPLIST_FILE = gitPractice2/Info.plist;
				INFOPLIST_KEY_UIApplicationSupportsIndirectInputEvents = YES;
				INFOPLIST_KEY_UILaunchStoryboardName = LaunchScreen;
				INFOPLIST_KEY_UIMainStoryboardFile = Main;
				INFOPLIST_KEY_UISupportedInterfaceOrientations_iPad = "UIInterfaceOrientationPortrait UIInterfaceOrientationPortraitUpsideDown UIInterfaceOrientationLandscapeLeft UIInterfaceOrientationLandscapeRight";
				INFOPLIST_KEY_UISupportedInterfaceOrientations_iPhone = "UIInterfaceOrientationPortrait UIInterfaceOrientationLandscapeLeft UIInterfaceOrientationLandscapeRight";
				LD_RUNPATH_SEARCH_PATHS = (
					"$(inherited)",
					"@executable_path/Frameworks",
				);
				MARKETING_VERSION = 1.0;
				PRODUCT_BUNDLE_IDENTIFIER = Victoria.gitPractice2;
				PRODUCT_NAME = "$(TARGET_NAME)";
				SWIFT_EMIT_LOC_STRINGS = YES;
				SWIFT_VERSION = 5.0;
				TARGETED_DEVICE_FAMILY = "1,2";
			};
			name = Release;
		};
		333CFCDC2BD7352A001E8F4D /* Debug */ = {
			isa = XCBuildConfiguration;
			buildSettings = {
				ALWAYS_EMBED_SWIFT_STANDARD_LIBRARIES = YES;
				BUNDLE_LOADER = "$(TEST_HOST)";
				CODE_SIGN_STYLE = Automatic;
				CURRENT_PROJECT_VERSION = 1;
				GENERATE_INFOPLIST_FILE = YES;
				IPHONEOS_DEPLOYMENT_TARGET = 17.0;
				MARKETING_VERSION = 1.0;
				PRODUCT_BUNDLE_IDENTIFIER = Victoria.gitPractice2Tests;
				PRODUCT_NAME = "$(TARGET_NAME)";
				SWIFT_EMIT_LOC_STRINGS = NO;
				SWIFT_VERSION = 5.0;
				TARGETED_DEVICE_FAMILY = "1,2";
				TEST_HOST = "$(BUILT_PRODUCTS_DIR)/gitPractice2.app/$(BUNDLE_EXECUTABLE_FOLDER_PATH)/gitPractice2";
			};
			name = Debug;
		};
		333CFCDD2BD7352A001E8F4D /* Release */ = {
			isa = XCBuildConfiguration;
			buildSettings = {
				ALWAYS_EMBED_SWIFT_STANDARD_LIBRARIES = YES;
				BUNDLE_LOADER = "$(TEST_HOST)";
				CODE_SIGN_STYLE = Automatic;
				CURRENT_PROJECT_VERSION = 1;
				GENERATE_INFOPLIST_FILE = YES;
				IPHONEOS_DEPLOYMENT_TARGET = 17.0;
				MARKETING_VERSION = 1.0;
				PRODUCT_BUNDLE_IDENTIFIER = Victoria.gitPractice2Tests;
				PRODUCT_NAME = "$(TARGET_NAME)";
				SWIFT_EMIT_LOC_STRINGS = NO;
				SWIFT_VERSION = 5.0;
				TARGETED_DEVICE_FAMILY = "1,2";
				TEST_HOST = "$(BUILT_PRODUCTS_DIR)/gitPractice2.app/$(BUNDLE_EXECUTABLE_FOLDER_PATH)/gitPractice2";
			};
			name = Release;
		};
		333CFCDF2BD7352A001E8F4D /* Debug */ = {
			isa = XCBuildConfiguration;
			buildSettings = {
				ALWAYS_EMBED_SWIFT_STANDARD_LIBRARIES = YES;
				CODE_SIGN_STYLE = Automatic;
				CURRENT_PROJECT_VERSION = 1;
				GENERATE_INFOPLIST_FILE = YES;
				MARKETING_VERSION = 1.0;
				PRODUCT_BUNDLE_IDENTIFIER = Victoria.gitPractice2UITests;
				PRODUCT_NAME = "$(TARGET_NAME)";
				SWIFT_EMIT_LOC_STRINGS = NO;
				SWIFT_VERSION = 5.0;
				TARGETED_DEVICE_FAMILY = "1,2";
				TEST_TARGET_NAME = gitPractice2;
			};
			name = Debug;
		};
		333CFCE02BD7352A001E8F4D /* Release */ = {
			isa = XCBuildConfiguration;
			buildSettings = {
				ALWAYS_EMBED_SWIFT_STANDARD_LIBRARIES = YES;
				CODE_SIGN_STYLE = Automatic;
				CURRENT_PROJECT_VERSION = 1;
				GENERATE_INFOPLIST_FILE = YES;
				MARKETING_VERSION = 1.0;
				PRODUCT_BUNDLE_IDENTIFIER = Victoria.gitPractice2UITests;
				PRODUCT_NAME = "$(TARGET_NAME)";
				SWIFT_EMIT_LOC_STRINGS = NO;
				SWIFT_VERSION = 5.0;
				TARGETED_DEVICE_FAMILY = "1,2";
				TEST_TARGET_NAME = gitPractice2;
			};
			name = Release;
		};
/* End XCBuildConfiguration section */

/* Begin XCConfigurationList section */
		333CFCA92BD73527001E8F4D /* Build configuration list for PBXProject "gitPractice2" */ = {
			isa = XCConfigurationList;
			buildConfigurations = (
				333CFCD62BD7352A001E8F4D /* Debug */,
				333CFCD72BD7352A001E8F4D /* Release */,
			);
			defaultConfigurationIsVisible = 0;
			defaultConfigurationName = Release;
		};
		333CFCD82BD7352A001E8F4D /* Build configuration list for PBXNativeTarget "gitPractice2" */ = {
			isa = XCConfigurationList;
			buildConfigurations = (
				333CFCD92BD7352A001E8F4D /* Debug */,
				333CFCDA2BD7352A001E8F4D /* Release */,
			);
			defaultConfigurationIsVisible = 0;
			defaultConfigurationName = Release;
		};
		333CFCDB2BD7352A001E8F4D /* Build configuration list for PBXNativeTarget "gitPractice2Tests" */ = {
			isa = XCConfigurationList;
			buildConfigurations = (
				333CFCDC2BD7352A001E8F4D /* Debug */,
				333CFCDD2BD7352A001E8F4D /* Release */,
			);
			defaultConfigurationIsVisible = 0;
			defaultConfigurationName = Release;
		};
		333CFCDE2BD7352A001E8F4D /* Build configuration list for PBXNativeTarget "gitPractice2UITests" */ = {
			isa = XCConfigurationList;
			buildConfigurations = (
				333CFCDF2BD7352A001E8F4D /* Debug */,
				333CFCE02BD7352A001E8F4D /* Release */,
			);
			defaultConfigurationIsVisible = 0;
			defaultConfigurationName = Release;
		};
/* End XCConfigurationList section */
	};
	rootObject = 333CFCA62BD73527001E8F4D /* Project object */;
}
